{
  "name": "WeHear",
  "lockfileVersion": 3,
  "requires": true,
  "packages": {
    "": {
      "dependencies": {
        "@mediapipe/tasks-audio": "^0.10.9"
      }
    },
    "node_modules/@mediapipe/tasks-audio": {
      "version": "0.10.9",
      "resolved": "https://registry.npmjs.org/@mediapipe/tasks-audio/-/tasks-audio-0.10.9.tgz",
      "integrity": "sha512-tKoh+nZP19YMpRfNiHWAprwtY19bRHlU0UTRFdY91sZMEwWCPsg0sahyCxZ/KcrQ5GIICiBRtpA0LXgJeJOrqA=="
    }
  }
}
